
Microsoft Visual Studio Solution File, Format Version 12.00
# Visual Studio 15
VisualStudioVersion = 15.0.28307.1209
MinimumVisualStudioVersion = 10.0.40219.1
Project("{888888A0-9F3D-457C-B088-3A5042F75D52}") = "slot_machines_demo", "slot_machines_demo\slot_machines_demo.pyproj", "{0AD4F87F-B39C-4429-B592-646D1FC5523D}"
EndProject
Global
	GlobalSection(SolutionConfigurationPlatforms) = preSolution
		Debug|Any CPU = Debug|Any CPU
		Release|Any CPU = Release|Any CPU
	EndGlobalSection
	GlobalSection(ProjectConfigurationPlatforms) = postSolution
		{0AD4F87F-B39C-4429-B592-646D1FC5523D}.Debug|Any CPU.ActiveCfg = Debug|Any CPU
		{0AD4F87F-B39C-4429-B592-646D1FC5523D}.Release|Any CPU.ActiveCfg = Release|Any CPU
	EndGlobalSection
	GlobalSection(SolutionProperties) = preSolution
		HideSolutionNode = FALSE
	EndGlobalSection
	GlobalSection(ExtensibilityGlobals) = postSolution
		SolutionGuid = {1ED67F52-EF6A-43DC-8BFF-29FDA660340B}
	EndGlobalSection
EndGlobal
